PODS:
  - DropDown (2.3.13)
  - MarqueeLabel/Swift (3.2.1)

DEPENDENCIES:
  - DropDown
  - MarqueeLabel/Swift

SPEC REPOS:
  trunk:
    - DropDown
    - MarqueeLabel

SPEC CHECKSUMS:
  DropDown: 8a2116376c1981888557f72ec2ffc9a5e0e456ec
  MarqueeLabel: 2daf039bf916937c8a4c9adfc13577cc5e51b4ce

PODFILE CHECKSUM: d08adad0c4382d578dc650b569d9eac95f8078d7

COCOAPODS: 1.9.1
