// !$*UTF8*$!
{
	archiveVersion = 1;
	classes = {
	};
	objectVersion = 51;
	objects = {

/* Begin PBXBuildFile section */
		49325DA69790699453E314EA /* Pods_Tourism_System.framework in Frameworks */ = {isa = PBXBuildFile; fileRef = CB346EA953FE4C21AD069485 /* Pods_Tourism_System.framework */; };
		D3230F6724C7C53B0096B06D /* UmrahOrHajj Cell.xib in Resources */ = {isa = PBXBuildFile; fileRef = D3230F6524C7C53B0096B06D /* UmrahOrHajj Cell.xib */; };
		D3230F6824C7C53B0096B06D /* UmrahOrHajj Cell.swift in Sources */ = {isa = PBXBuildFile; fileRef = D3230F6624C7C53B0096B06D /* UmrahOrHajj Cell.swift */; };
		D3230F6C24C7C5760096B06D /* Accompying Cell.swift in Sources */ = {isa = PBXBuildFile; fileRef = D3230F6A24C7C5760096B06D /* Accompying Cell.swift */; };
		D3230F6D24C7C5760096B06D /* Accompying Cell.xib in Resources */ = {isa = PBXBuildFile; fileRef = D3230F6B24C7C5760096B06D /* Accompying Cell.xib */; };
		D3271AFE248E91E3003B6158 /* ProfileView.swift in Sources */ = {isa = PBXBuildFile; fileRef = D3271AFD248E91E2003B6158 /* ProfileView.swift */; };
		D3271B00248E9265003B6158 /* ProfileViewController.swift in Sources */ = {isa = PBXBuildFile; fileRef = D3271AFF248E9265003B6158 /* ProfileViewController.swift */; };
		D3271B02248EC160003B6158 /* SektionViewController.swift in Sources */ = {isa = PBXBuildFile; fileRef = D3271B01248EC160003B6158 /* SektionViewController.swift */; };
		D3271B04248EC9F8003B6158 /* InternalViewController.swift in Sources */ = {isa = PBXBuildFile; fileRef = D3271B03248EC9F8003B6158 /* InternalViewController.swift */; };
		D3271B07248EDC48003B6158 /* SektionCellUmrah.swift in Sources */ = {isa = PBXBuildFile; fileRef = D3271B05248EDC48003B6158 /* SektionCellUmrah.swift */; };
		D3271B08248EDC48003B6158 /* SektionCellUmrah.xib in Resources */ = {isa = PBXBuildFile; fileRef = D3271B06248EDC48003B6158 /* SektionCellUmrah.xib */; };
		D3271B0B248EE01C003B6158 /* UmrahViewController.swift in Sources */ = {isa = PBXBuildFile; fileRef = D3271B0A248EE01C003B6158 /* UmrahViewController.swift */; };
		D3271B0E248F02B4003B6158 /* MapButtonCell.swift in Sources */ = {isa = PBXBuildFile; fileRef = D3271B0C248F02B4003B6158 /* MapButtonCell.swift */; };
		D3271B0F248F02B4003B6158 /* MapButtonCell.xib in Resources */ = {isa = PBXBuildFile; fileRef = D3271B0D248F02B4003B6158 /* MapButtonCell.xib */; };
		D3271B12248F042E003B6158 /* ExternalViewController.swift in Sources */ = {isa = PBXBuildFile; fileRef = D3271B11248F042E003B6158 /* ExternalViewController.swift */; };
		D33BD6942492A50E0067406C /* FireBase.swift in Sources */ = {isa = PBXBuildFile; fileRef = D33BD6932492A50E0067406C /* FireBase.swift */; };
		D33BD6992492A82F0067406C /* ProgressHUD.m in Sources */ = {isa = PBXBuildFile; fileRef = D33BD6962492A82A0067406C /* ProgressHUD.m */; };
		D33BD69A2492A82F0067406C /* ProgressHUD.bundle in Resources */ = {isa = PBXBuildFile; fileRef = D33BD6982492A82E0067406C /* ProgressHUD.bundle */; };
		D33ECEF124905687005F2AD3 /* color.swift in Sources */ = {isa = PBXBuildFile; fileRef = D33ECEF024905687005F2AD3 /* color.swift */; };
		D34FB4E02491C059005C7D59 /* Assets.xcassets in Resources */ = {isa = PBXBuildFile; fileRef = D34FB4DF2491C058005C7D59 /* Assets.xcassets */; };
		D3767E67248D336E0090CE19 /* AppDelegate.swift in Sources */ = {isa = PBXBuildFile; fileRef = D3767E66248D336E0090CE19 /* AppDelegate.swift */; };
		D3767E6B248D336E0090CE19 /* LoginViewController.swift in Sources */ = {isa = PBXBuildFile; fileRef = D3767E6A248D336E0090CE19 /* LoginViewController.swift */; };
		D3767E6E248D336E0090CE19 /* Main.storyboard in Resources */ = {isa = PBXBuildFile; fileRef = D3767E6C248D336E0090CE19 /* Main.storyboard */; };
		D3767E73248D338C0090CE19 /* LaunchScreen.storyboard in Resources */ = {isa = PBXBuildFile; fileRef = D3767E71248D338C0090CE19 /* LaunchScreen.storyboard */; };
		D3767E80248D63810090CE19 /* Tools.swift in Sources */ = {isa = PBXBuildFile; fileRef = D3767E7F248D63810090CE19 /* Tools.swift */; };
		D3767E82248D64B80090CE19 /* LoginView.swift in Sources */ = {isa = PBXBuildFile; fileRef = D3767E81248D64B80090CE19 /* LoginView.swift */; };
		D3767E84248D7B410090CE19 /* SignupView.swift in Sources */ = {isa = PBXBuildFile; fileRef = D3767E83248D7B410090CE19 /* SignupView.swift */; };
		D3767E86248D7B5C0090CE19 /* SignupViewController.swift in Sources */ = {isa = PBXBuildFile; fileRef = D3767E85248D7B5C0090CE19 /* SignupViewController.swift */; };
		D3767E8E248DBED90090CE19 /* LocationMapViewController.swift in Sources */ = {isa = PBXBuildFile; fileRef = D3767E8D248DBED90090CE19 /* LocationMapViewController.swift */; };
		D3767E90248DBF190090CE19 /* LocationMapView.swift in Sources */ = {isa = PBXBuildFile; fileRef = D3767E8F248DBF190090CE19 /* LocationMapView.swift */; };
		D38A07A72491457F00C87CD5 /* MapViewController.swift in Sources */ = {isa = PBXBuildFile; fileRef = D38A07A62491457F00C87CD5 /* MapViewController.swift */; };
		D398604424C7C312009B1A6C /* Main2.storyboard in Resources */ = {isa = PBXBuildFile; fileRef = D398604324C7C312009B1A6C /* Main2.storyboard */; };
		D398604724C7C38A009B1A6C /* data.swift in Sources */ = {isa = PBXBuildFile; fileRef = D398604624C7C38A009B1A6C /* data.swift */; };
		D398604E24C7C3B9009B1A6C /* haj_view.swift in Sources */ = {isa = PBXBuildFile; fileRef = D398604824C7C3A8009B1A6C /* haj_view.swift */; };
		D398604F24C7C3B9009B1A6C /* company.swift in Sources */ = {isa = PBXBuildFile; fileRef = D398604924C7C3AA009B1A6C /* company.swift */; };
		D398605024C7C3B9009B1A6C /* last_page.swift in Sources */ = {isa = PBXBuildFile; fileRef = D398604A24C7C3AD009B1A6C /* last_page.swift */; };
		D398605124C7C3B9009B1A6C /* Umrah_view.swift in Sources */ = {isa = PBXBuildFile; fileRef = D398604B24C7C3AF009B1A6C /* Umrah_view.swift */; };
		D398605224C7C3B9009B1A6C /* Seat_reg.swift in Sources */ = {isa = PBXBuildFile; fileRef = D398604C24C7C3B7009B1A6C /* Seat_reg.swift */; };
		D398605324C7C3B9009B1A6C /* first_view.swift in Sources */ = {isa = PBXBuildFile; fileRef = D398604D24C7C3B8009B1A6C /* first_view.swift */; };
		D39A61BB24CDE19C0018652F /* GoogleService-Info.plist in Resources */ = {isa = PBXBuildFile; fileRef = D39A61BA24CDE19C0018652F /* GoogleService-Info.plist */; };
		D39A61BD24CDE7DF0018652F /* CorrectViewController.swift in Sources */ = {isa = PBXBuildFile; fileRef = D39A61BC24CDE7DF0018652F /* CorrectViewController.swift */; };
		D3AC1DBE249000DA0036EF6D /* CommonofferCell.swift in Sources */ = {isa = PBXBuildFile; fileRef = D3AC1DBC249000D90036EF6D /* CommonofferCell.swift */; };
		D3AC1DBF249000DA0036EF6D /* CommonofferCell.xib in Resources */ = {isa = PBXBuildFile; fileRef = D3AC1DBD249000DA0036EF6D /* CommonofferCell.xib */; };
		D3AC1DC2249043F00036EF6D /* TravelsViewController.swift in Sources */ = {isa = PBXBuildFile; fileRef = D3AC1DC1249043EF0036EF6D /* TravelsViewController.swift */; };
		D3AC1DC524904D9C0036EF6D /* TravelCell.swift in Sources */ = {isa = PBXBuildFile; fileRef = D3AC1DC324904D9C0036EF6D /* TravelCell.swift */; };
		D3AC1DC624904D9C0036EF6D /* TravelCell.xib in Resources */ = {isa = PBXBuildFile; fileRef = D3AC1DC424904D9C0036EF6D /* TravelCell.xib */; };
		D3FF7DD624C881ED0063B97E /* TabBarViewController.swift in Sources */ = {isa = PBXBuildFile; fileRef = D3FF7DD524C881EC0063B97E /* TabBarViewController.swift */; };
/* End PBXBuildFile section */

/* Begin PBXFileReference section */
		A1557D6B3879FB830984AC64 /* Pods-Tourism System.debug.xcconfig */ = {isa = PBXFileReference; includeInIndex = 1; lastKnownFileType = text.xcconfig; name = "Pods-Tourism System.debug.xcconfig"; path = "Target Support Files/Pods-Tourism System/Pods-Tourism System.debug.xcconfig"; sourceTree = "<group>"; };
		B00DFB91E4066E5C5D833BA6 /* Pods-Tourism System.release.xcconfig */ = {isa = PBXFileReference; includeInIndex = 1; lastKnownFileType = text.xcconfig; name = "Pods-Tourism System.release.xcconfig"; path = "Target Support Files/Pods-Tourism System/Pods-Tourism System.release.xcconfig"; sourceTree = "<group>"; };
		CB346EA953FE4C21AD069485 /* Pods_Tourism_System.framework */ = {isa = PBXFileReference; explicitFileType = wrapper.framework; includeInIndex = 0; path = Pods_Tourism_System.framework; sourceTree = BUILT_PRODUCTS_DIR; };
		D3230F6524C7C53B0096B06D /* UmrahOrHajj Cell.xib */ = {isa = PBXFileReference; fileEncoding = 4; lastKnownFileType = file.xib; path = "UmrahOrHajj Cell.xib"; sourceTree = "<group>"; };
		D3230F6624C7C53B0096B06D /* UmrahOrHajj Cell.swift */ = {isa = PBXFileReference; fileEncoding = 4; lastKnownFileType = sourcecode.swift; path = "UmrahOrHajj Cell.swift"; sourceTree = "<group>"; };
		D3230F6A24C7C5760096B06D /* Accompying Cell.swift */ = {isa = PBXFileReference; fileEncoding = 4; lastKnownFileType = sourcecode.swift; path = "Accompying Cell.swift"; sourceTree = "<group>"; };
		D3230F6B24C7C5760096B06D /* Accompying Cell.xib */ = {isa = PBXFileReference; fileEncoding = 4; lastKnownFileType = file.xib; path = "Accompying Cell.xib"; sourceTree = "<group>"; };
		D3271AFD248E91E2003B6158 /* ProfileView.swift */ = {isa = PBXFileReference; lastKnownFileType = sourcecode.swift; path = ProfileView.swift; sourceTree = "<group>"; };
		D3271AFF248E9265003B6158 /* ProfileViewController.swift */ = {isa = PBXFileReference; lastKnownFileType = sourcecode.swift; path = ProfileViewController.swift; sourceTree = "<group>"; };
		D3271B01248EC160003B6158 /* SektionViewController.swift */ = {isa = PBXFileReference; lastKnownFileType = sourcecode.swift; path = SektionViewController.swift; sourceTree = "<group>"; };
		D3271B03248EC9F8003B6158 /* InternalViewController.swift */ = {isa = PBXFileReference; lastKnownFileType = sourcecode.swift; path = InternalViewController.swift; sourceTree = "<group>"; };
		D3271B05248EDC48003B6158 /* SektionCellUmrah.swift */ = {isa = PBXFileReference; lastKnownFileType = sourcecode.swift; path = SektionCellUmrah.swift; sourceTree = "<group>"; };
		D3271B06248EDC48003B6158 /* SektionCellUmrah.xib */ = {isa = PBXFileReference; lastKnownFileType = file.xib; path = SektionCellUmrah.xib; sourceTree = "<group>"; };
		D3271B0A248EE01C003B6158 /* UmrahViewController.swift */ = {isa = PBXFileReference; lastKnownFileType = sourcecode.swift; path = UmrahViewController.swift; sourceTree = "<group>"; };
		D3271B0C248F02B4003B6158 /* MapButtonCell.swift */ = {isa = PBXFileReference; lastKnownFileType = sourcecode.swift; path = MapButtonCell.swift; sourceTree = "<group>"; };
		D3271B0D248F02B4003B6158 /* MapButtonCell.xib */ = {isa = PBXFileReference; lastKnownFileType = file.xib; path = MapButtonCell.xib; sourceTree = "<group>"; };
		D3271B11248F042E003B6158 /* ExternalViewController.swift */ = {isa = PBXFileReference; lastKnownFileType = sourcecode.swift; path = ExternalViewController.swift; sourceTree = "<group>"; };
		D33BD6932492A50E0067406C /* FireBase.swift */ = {isa = PBXFileReference; lastKnownFileType = sourcecode.swift; path = FireBase.swift; sourceTree = "<group>"; };
		D33BD6952492A80C0067406C /* Tourism System-Bridging-Header.h */ = {isa = PBXFileReference; lastKnownFileType = sourcecode.c.h; path = "Tourism System-Bridging-Header.h"; sourceTree = "<group>"; };
		D33BD6962492A82A0067406C /* ProgressHUD.m */ = {isa = PBXFileReference; fileEncoding = 4; lastKnownFileType = sourcecode.c.objc; path = ProgressHUD.m; sourceTree = "<group>"; };
		D33BD6972492A82C0067406C /* ProgressHUD.h */ = {isa = PBXFileReference; fileEncoding = 4; lastKnownFileType = sourcecode.c.h; path = ProgressHUD.h; sourceTree = "<group>"; };
		D33BD6982492A82E0067406C /* ProgressHUD.bundle */ = {isa = PBXFileReference; lastKnownFileType = "wrapper.plug-in"; path = ProgressHUD.bundle; sourceTree = "<group>"; };
		D33ECEF024905687005F2AD3 /* color.swift */ = {isa = PBXFileReference; fileEncoding = 4; lastKnownFileType = sourcecode.swift; path = color.swift; sourceTree = "<group>"; };
		D34FB4DF2491C058005C7D59 /* Assets.xcassets */ = {isa = PBXFileReference; lastKnownFileType = folder.assetcatalog; path = Assets.xcassets; sourceTree = "<group>"; };
		D3767E63248D336E0090CE19 /* Tourism System.app */ = {isa = PBXFileReference; explicitFileType = wrapper.application; includeInIndex = 0; path = "Tourism System.app"; sourceTree = BUILT_PRODUCTS_DIR; };
		D3767E66248D336E0090CE19 /* AppDelegate.swift */ = {isa = PBXFileReference; lastKnownFileType = sourcecode.swift; path = AppDelegate.swift; sourceTree = "<group>"; };
		D3767E6A248D336E0090CE19 /* LoginViewController.swift */ = {isa = PBXFileReference; lastKnownFileType = sourcecode.swift; path = LoginViewController.swift; sourceTree = "<group>"; };
		D3767E6D248D336E0090CE19 /* Base */ = {isa = PBXFileReference; lastKnownFileType = file.storyboard; name = Base; path = Base.lproj/Main.storyboard; sourceTree = "<group>"; };
		D3767E72248D338C0090CE19 /* Base */ = {isa = PBXFileReference; lastKnownFileType = file.storyboard; name = Base; path = Base.lproj/LaunchScreen.storyboard; sourceTree = "<group>"; };
		D3767E74248D338C0090CE19 /* Info.plist */ = {isa = PBXFileReference; lastKnownFileType = text.plist.xml; path = Info.plist; sourceTree = "<group>"; };
		D3767E7F248D63810090CE19 /* Tools.swift */ = {isa = PBXFileReference; lastKnownFileType = sourcecode.swift; path = Tools.swift; sourceTree = "<group>"; };
		D3767E81248D64B80090CE19 /* LoginView.swift */ = {isa = PBXFileReference; lastKnownFileType = sourcecode.swift; path = LoginView.swift; sourceTree = "<group>"; };
		D3767E83248D7B410090CE19 /* SignupView.swift */ = {isa = PBXFileReference; lastKnownFileType = sourcecode.swift; path = SignupView.swift; sourceTree = "<group>"; };
		D3767E85248D7B5C0090CE19 /* SignupViewController.swift */ = {isa = PBXFileReference; lastKnownFileType = sourcecode.swift; path = SignupViewController.swift; sourceTree = "<group>"; };
		D3767E8D248DBED90090CE19 /* LocationMapViewController.swift */ = {isa = PBXFileReference; lastKnownFileType = sourcecode.swift; path = LocationMapViewController.swift; sourceTree = "<group>"; };
		D3767E8F248DBF190090CE19 /* LocationMapView.swift */ = {isa = PBXFileReference; lastKnownFileType = sourcecode.swift; path = LocationMapView.swift; sourceTree = "<group>"; };
		D38A07A62491457F00C87CD5 /* MapViewController.swift */ = {isa = PBXFileReference; lastKnownFileType = sourcecode.swift; path = MapViewController.swift; sourceTree = "<group>"; };
		D398604324C7C312009B1A6C /* Main2.storyboard */ = {isa = PBXFileReference; lastKnownFileType = file.storyboard; path = Main2.storyboard; sourceTree = "<group>"; };
		D398604624C7C38A009B1A6C /* data.swift */ = {isa = PBXFileReference; fileEncoding = 4; lastKnownFileType = sourcecode.swift; path = data.swift; sourceTree = "<group>"; };
		D398604824C7C3A8009B1A6C /* haj_view.swift */ = {isa = PBXFileReference; fileEncoding = 4; lastKnownFileType = sourcecode.swift; path = haj_view.swift; sourceTree = "<group>"; };
		D398604924C7C3AA009B1A6C /* company.swift */ = {isa = PBXFileReference; fileEncoding = 4; lastKnownFileType = sourcecode.swift; path = company.swift; sourceTree = "<group>"; };
		D398604A24C7C3AD009B1A6C /* last_page.swift */ = {isa = PBXFileReference; fileEncoding = 4; lastKnownFileType = sourcecode.swift; path = last_page.swift; sourceTree = "<group>"; };
		D398604B24C7C3AF009B1A6C /* Umrah_view.swift */ = {isa = PBXFileReference; fileEncoding = 4; lastKnownFileType = sourcecode.swift; path = Umrah_view.swift; sourceTree = "<group>"; };
		D398604C24C7C3B7009B1A6C /* Seat_reg.swift */ = {isa = PBXFileReference; fileEncoding = 4; lastKnownFileType = sourcecode.swift; path = Seat_reg.swift; sourceTree = "<group>"; };
		D398604D24C7C3B8009B1A6C /* first_view.swift */ = {isa = PBXFileReference; fileEncoding = 4; lastKnownFileType = sourcecode.swift; path = first_view.swift; sourceTree = "<group>"; };
		D39A61BA24CDE19C0018652F /* GoogleService-Info.plist */ = {isa = PBXFileReference; fileEncoding = 4; lastKnownFileType = text.plist.xml; path = "GoogleService-Info.plist"; sourceTree = "<group>"; };
		D39A61BC24CDE7DF0018652F /* CorrectViewController.swift */ = {isa = PBXFileReference; lastKnownFileType = sourcecode.swift; path = CorrectViewController.swift; sourceTree = "<group>"; };
		D3AC1DBC249000D90036EF6D /* CommonofferCell.swift */ = {isa = PBXFileReference; lastKnownFileType = sourcecode.swift; path = CommonofferCell.swift; sourceTree = "<group>"; };
		D3AC1DBD249000DA0036EF6D /* CommonofferCell.xib */ = {isa = PBXFileReference; lastKnownFileType = file.xib; path = CommonofferCell.xib; sourceTree = "<group>"; };
		D3AC1DC1249043EF0036EF6D /* TravelsViewController.swift */ = {isa = PBXFileReference; lastKnownFileType = sourcecode.swift; path = TravelsViewController.swift; sourceTree = "<group>"; };
		D3AC1DC324904D9C0036EF6D /* TravelCell.swift */ = {isa = PBXFileReference; lastKnownFileType = sourcecode.swift; path = TravelCell.swift; sourceTree = "<group>"; };
		D3AC1DC424904D9C0036EF6D /* TravelCell.xib */ = {isa = PBXFileReference; lastKnownFileType = file.xib; path = TravelCell.xib; sourceTree = "<group>"; };
		D3FF7DD524C881EC0063B97E /* TabBarViewController.swift */ = {isa = PBXFileReference; lastKnownFileType = sourcecode.swift; path = TabBarViewController.swift; sourceTree = "<group>"; };
/* End PBXFileReference section */

/* Begin PBXFrameworksBuildPhase section */
		D3767E60248D336E0090CE19 /* Frameworks */ = {
			isa = PBXFrameworksBuildPhase;
			buildActionMask = 2147483647;
			files = (
				49325DA69790699453E314EA /* Pods_Tourism_System.framework in Frameworks */,
			);
			runOnlyForDeploymentPostprocessing = 0;
		};
/* End PBXFrameworksBuildPhase section */

/* Begin PBXGroup section */
		27DC472438BB4EF9DBA9B40C /* Frameworks */ = {
			isa = PBXGroup;
			children = (
				CB346EA953FE4C21AD069485 /* Pods_Tourism_System.framework */,
			);
			name = Frameworks;
			sourceTree = "<group>";
		};
		3AF3729F36D156C9C5656E71 /* Pods */ = {
			isa = PBXGroup;
			children = (
				A1557D6B3879FB830984AC64 /* Pods-Tourism System.debug.xcconfig */,
				B00DFB91E4066E5C5D833BA6 /* Pods-Tourism System.release.xcconfig */,
			);
			path = Pods;
			sourceTree = "<group>";
		};
		D3230F6924C7C5440096B06D /* Cell6 */ = {
			isa = PBXGroup;
			children = (
				D3230F6A24C7C5760096B06D /* Accompying Cell.swift */,
				D3230F6B24C7C5760096B06D /* Accompying Cell.xib */,
			);
			path = Cell6;
			sourceTree = "<group>";
		};
		D3271B09248EDFF9003B6158 /* Cell1 */ = {
			isa = PBXGroup;
			children = (
				D3271B05248EDC48003B6158 /* SektionCellUmrah.swift */,
				D3271B06248EDC48003B6158 /* SektionCellUmrah.xib */,
			);
			path = Cell1;
			sourceTree = "<group>";
		};
		D3271B10248F02E1003B6158 /* Cell2 */ = {
			isa = PBXGroup;
			children = (
				D3271B0C248F02B4003B6158 /* MapButtonCell.swift */,
				D3271B0D248F02B4003B6158 /* MapButtonCell.xib */,
			);
			path = Cell2;
			sourceTree = "<group>";
		};
		D33BD6922492A4830067406C /* Firebase Data */ = {
			isa = PBXGroup;
			children = (
				D33BD6932492A50E0067406C /* FireBase.swift */,
			);
			path = "Firebase Data";
			sourceTree = "<group>";
		};
		D3767E5A248D336E0090CE19 = {
			isa = PBXGroup;
			children = (
				D3767E65248D336E0090CE19 /* Tourism System */,
				D3767E64248D336E0090CE19 /* Products */,
				3AF3729F36D156C9C5656E71 /* Pods */,
				27DC472438BB4EF9DBA9B40C /* Frameworks */,
			);
			sourceTree = "<group>";
		};
		D3767E64248D336E0090CE19 /* Products */ = {
			isa = PBXGroup;
			children = (
				D3767E63248D336E0090CE19 /* Tourism System.app */,
			);
			name = Products;
			sourceTree = "<group>";
		};
		D3767E65248D336E0090CE19 /* Tourism System */ = {
			isa = PBXGroup;
			children = (
				D3767E7A248D34740090CE19 /* AppDelegate */,
				D3767E7E248D635C0090CE19 /* Library */,
				D33BD6922492A4830067406C /* Firebase Data */,
				D398604524C7C377009B1A6C /* Data */,
				D3767E7B248D347F0090CE19 /* Controlllers */,
				D3767E7C248D348F0090CE19 /* Views */,
				D3767E7D248D349A0090CE19 /* Resources */,
			);
			path = "Tourism System";
			sourceTree = "<group>";
		};
		D3767E7A248D34740090CE19 /* AppDelegate */ = {
			isa = PBXGroup;
			children = (
				D3767E66248D336E0090CE19 /* AppDelegate.swift */,
			);
			path = AppDelegate;
			sourceTree = "<group>";
		};
		D3767E7B248D347F0090CE19 /* Controlllers */ = {
			isa = PBXGroup;
			children = (
				D3767E6A248D336E0090CE19 /* LoginViewController.swift */,
				D3767E81248D64B80090CE19 /* LoginView.swift */,
				D3767E83248D7B410090CE19 /* SignupView.swift */,
				D3767E85248D7B5C0090CE19 /* SignupViewController.swift */,
				D3767E8D248DBED90090CE19 /* LocationMapViewController.swift */,
				D3767E8F248DBF190090CE19 /* LocationMapView.swift */,
				D38A07A62491457F00C87CD5 /* MapViewController.swift */,
				D3271AFD248E91E2003B6158 /* ProfileView.swift */,
				D3271AFF248E9265003B6158 /* ProfileViewController.swift */,
				D3271B01248EC160003B6158 /* SektionViewController.swift */,
				D3271B03248EC9F8003B6158 /* InternalViewController.swift */,
				D3271B0A248EE01C003B6158 /* UmrahViewController.swift */,
				D3271B11248F042E003B6158 /* ExternalViewController.swift */,
				D3AC1DC1249043EF0036EF6D /* TravelsViewController.swift */,
				D3FF7DD524C881EC0063B97E /* TabBarViewController.swift */,
				D398604B24C7C3AF009B1A6C /* Umrah_view.swift */,
				D398604824C7C3A8009B1A6C /* haj_view.swift */,
				D398604D24C7C3B8009B1A6C /* first_view.swift */,
				D398604C24C7C3B7009B1A6C /* Seat_reg.swift */,
				D398604924C7C3AA009B1A6C /* company.swift */,
				D398604A24C7C3AD009B1A6C /* last_page.swift */,
				D39A61BC24CDE7DF0018652F /* CorrectViewController.swift */,
				D3767E87248DAE7F0090CE19 /* Cell */,
			);
			path = Controlllers;
			sourceTree = "<group>";
		};
		D3767E7C248D348F0090CE19 /* Views */ = {
			isa = PBXGroup;
			children = (
				D3767E6C248D336E0090CE19 /* Main.storyboard */,
				D398604324C7C312009B1A6C /* Main2.storyboard */,
				D3767E71248D338C0090CE19 /* LaunchScreen.storyboard */,
			);
			path = Views;
			sourceTree = "<group>";
		};
		D3767E7D248D349A0090CE19 /* Resources */ = {
			isa = PBXGroup;
			children = (
				D33BD6982492A82E0067406C /* ProgressHUD.bundle */,
				D33BD6972492A82C0067406C /* ProgressHUD.h */,
				D33BD6962492A82A0067406C /* ProgressHUD.m */,
				D34FB4DF2491C058005C7D59 /* Assets.xcassets */,
				D3767E74248D338C0090CE19 /* Info.plist */,
				D39A61BA24CDE19C0018652F /* GoogleService-Info.plist */,
				D33BD6952492A80C0067406C /* Tourism System-Bridging-Header.h */,
			);
			path = Resources;
			sourceTree = "<group>";
		};
		D3767E7E248D635C0090CE19 /* Library */ = {
			isa = PBXGroup;
			children = (
				D3767E7F248D63810090CE19 /* Tools.swift */,
				D33ECEF024905687005F2AD3 /* color.swift */,
			);
			path = Library;
			sourceTree = "<group>";
		};
		D3767E87248DAE7F0090CE19 /* Cell */ = {
			isa = PBXGroup;
			children = (
				D3271B09248EDFF9003B6158 /* Cell1 */,
				D3271B10248F02E1003B6158 /* Cell2 */,
				D3AC1DC0249000FF0036EF6D /* Cell3 */,
				D3AC1DC724904DB20036EF6D /* Cell4 */,
				D398605424C7C485009B1A6C /* Cell5 */,
				D3230F6924C7C5440096B06D /* Cell6 */,
			);
			path = Cell;
			sourceTree = "<group>";
		};
		D398604524C7C377009B1A6C /* Data */ = {
			isa = PBXGroup;
			children = (
				D398604624C7C38A009B1A6C /* data.swift */,
			);
			path = Data;
			sourceTree = "<group>";
		};
		D398605424C7C485009B1A6C /* Cell5 */ = {
			isa = PBXGroup;
			children = (
				D3230F6624C7C53B0096B06D /* UmrahOrHajj Cell.swift */,
				D3230F6524C7C53B0096B06D /* UmrahOrHajj Cell.xib */,
			);
			path = Cell5;
			sourceTree = "<group>";
		};
		D3AC1DC0249000FF0036EF6D /* Cell3 */ = {
			isa = PBXGroup;
			children = (
				D3AC1DBC249000D90036EF6D /* CommonofferCell.swift */,
				D3AC1DBD249000DA0036EF6D /* CommonofferCell.xib */,
			);
			path = Cell3;
			sourceTree = "<group>";
		};
		D3AC1DC724904DB20036EF6D /* Cell4 */ = {
			isa = PBXGroup;
			children = (
				D3AC1DC324904D9C0036EF6D /* TravelCell.swift */,
				D3AC1DC424904D9C0036EF6D /* TravelCell.xib */,
			);
			path = Cell4;
			sourceTree = "<group>";
		};
/* End PBXGroup section */

/* Begin PBXNativeTarget section */
		D3767E62248D336E0090CE19 /* Tourism System */ = {
			isa = PBXNativeTarget;
			buildConfigurationList = D3767E77248D338C0090CE19 /* Build configuration list for PBXNativeTarget "Tourism System" */;
			buildPhases = (
				2E15F945398C44AE0D99391A /* [CP] Check Pods Manifest.lock */,
				D3767E5F248D336E0090CE19 /* Sources */,
				D3767E60248D336E0090CE19 /* Frameworks */,
				D3767E61248D336E0090CE19 /* Resources */,
				32016172A09EAD10AEA419A6 /* [CP] Embed Pods Frameworks */,
			);
			buildRules = (
			);
			dependencies = (
			);
			name = "Tourism System";
			productName = "Tourism System";
			productReference = D3767E63248D336E0090CE19 /* Tourism System.app */;
			productType = "com.apple.product-type.application";
		};
/* End PBXNativeTarget section */

/* Begin PBXProject section */
		D3767E5B248D336E0090CE19 /* Project object */ = {
			isa = PBXProject;
			attributes = {
				LastSwiftUpdateCheck = 1140;
				LastUpgradeCheck = 1140;
				ORGANIZATIONNAME = "Mohamed Ali";
				TargetAttributes = {
					D3767E62248D336E0090CE19 = {
						CreatedOnToolsVersion = 11.4.1;
						LastSwiftMigration = 1140;
					};
				};
			};
			buildConfigurationList = D3767E5E248D336E0090CE19 /* Build configuration list for PBXProject "Tourism System" */;
			compatibilityVersion = "Xcode 9.3";
			developmentRegion = en;
			hasScannedForEncodings = 0;
			knownRegions = (
				en,
				Base,
			);
			mainGroup = D3767E5A248D336E0090CE19;
			productRefGroup = D3767E64248D336E0090CE19 /* Products */;
			projectDirPath = "";
			projectRoot = "";
			targets = (
				D3767E62248D336E0090CE19 /* Tourism System */,
			);
		};
/* End PBXProject section */

/* Begin PBXResourcesBuildPhase section */
		D3767E61248D336E0090CE19 /* Resources */ = {
			isa = PBXResourcesBuildPhase;
			buildActionMask = 2147483647;
			files = (
				D3767E73248D338C0090CE19 /* LaunchScreen.storyboard in Resources */,
				D3271B0F248F02B4003B6158 /* MapButtonCell.xib in Resources */,
				D3230F6724C7C53B0096B06D /* UmrahOrHajj Cell.xib in Resources */,
				D3AC1DC624904D9C0036EF6D /* TravelCell.xib in Resources */,
				D3AC1DBF249000DA0036EF6D /* CommonofferCell.xib in Resources */,
				D39A61BB24CDE19C0018652F /* GoogleService-Info.plist in Resources */,
				D3230F6D24C7C5760096B06D /* Accompying Cell.xib in Resources */,
				D33BD69A2492A82F0067406C /* ProgressHUD.bundle in Resources */,
				D34FB4E02491C059005C7D59 /* Assets.xcassets in Resources */,
				D3767E6E248D336E0090CE19 /* Main.storyboard in Resources */,
				D398604424C7C312009B1A6C /* Main2.storyboard in Resources */,
				D3271B08248EDC48003B6158 /* SektionCellUmrah.xib in Resources */,
			);
			runOnlyForDeploymentPostprocessing = 0;
		};
/* End PBXResourcesBuildPhase section */

/* Begin PBXShellScriptBuildPhase section */
		2E15F945398C44AE0D99391A /* [CP] Check Pods Manifest.lock */ = {
			isa = PBXShellScriptBuildPhase;
			buildActionMask = 2147483647;
			files = (
			);
			inputFileListPaths = (
			);
			inputPaths = (
				"${PODS_PODFILE_DIR_PATH}/Podfile.lock",
				"${PODS_ROOT}/Manifest.lock",
			);
			name = "[CP] Check Pods Manifest.lock";
			outputFileListPaths = (
			);
			outputPaths = (
				"$(DERIVED_FILE_DIR)/Pods-Tourism System-checkManifestLockResult.txt",
			);
			runOnlyForDeploymentPostprocessing = 0;
			shellPath = /bin/sh;
			shellScript = "diff \"${PODS_PODFILE_DIR_PATH}/Podfile.lock\" \"${PODS_ROOT}/Manifest.lock\" > /dev/null\nif [ $? != 0 ] ; then\n    # print error to STDERR\n    echo \"error: The sandbox is not in sync with the Podfile.lock. Run 'pod install' or update your CocoaPods installation.\" >&2\n    exit 1\nfi\n# This output is used by Xcode 'outputs' to avoid re-running this script phase.\necho \"SUCCESS\" > \"${SCRIPT_OUTPUT_FILE_0}\"\n";
			showEnvVarsInLog = 0;
		};
		32016172A09EAD10AEA419A6 /* [CP] Embed Pods Frameworks */ = {
			isa = PBXShellScriptBuildPhase;
			buildActionMask = 2147483647;
			files = (
			);
			inputFileListPaths = (
				"${PODS_ROOT}/Target Support Files/Pods-Tourism System/Pods-Tourism System-frameworks-${CONFIGURATION}-input-files.xcfilelist",
			);
			name = "[CP] Embed Pods Frameworks";
			outputFileListPaths = (
				"${PODS_ROOT}/Target Support Files/Pods-Tourism System/Pods-Tourism System-frameworks-${CONFIGURATION}-output-files.xcfilelist",
			);
			runOnlyForDeploymentPostprocessing = 0;
			shellPath = /bin/sh;
			shellScript = "\"${PODS_ROOT}/Target Support Files/Pods-Tourism System/Pods-Tourism System-frameworks.sh\"\n";
			showEnvVarsInLog = 0;
		};
/* End PBXShellScriptBuildPhase section */

/* Begin PBXSourcesBuildPhase section */
		D3767E5F248D336E0090CE19 /* Sources */ = {
			isa = PBXSourcesBuildPhase;
			buildActionMask = 2147483647;
			files = (
				D3767E86248D7B5C0090CE19 /* SignupViewController.swift in Sources */,
				D39A61BD24CDE7DF0018652F /* CorrectViewController.swift in Sources */,
				D398604F24C7C3B9009B1A6C /* company.swift in Sources */,
				D3271AFE248E91E3003B6158 /* ProfileView.swift in Sources */,
				D398605024C7C3B9009B1A6C /* last_page.swift in Sources */,
				D3271B00248E9265003B6158 /* ProfileViewController.swift in Sources */,
				D3AC1DC524904D9C0036EF6D /* TravelCell.swift in Sources */,
				D3767E80248D63810090CE19 /* Tools.swift in Sources */,
				D3AC1DBE249000DA0036EF6D /* CommonofferCell.swift in Sources */,
				D3767E90248DBF190090CE19 /* LocationMapView.swift in Sources */,
				D398604724C7C38A009B1A6C /* data.swift in Sources */,
				D3767E6B248D336E0090CE19 /* LoginViewController.swift in Sources */,
				D33BD6992492A82F0067406C /* ProgressHUD.m in Sources */,
				D3767E82248D64B80090CE19 /* LoginView.swift in Sources */,
				D3FF7DD624C881ED0063B97E /* TabBarViewController.swift in Sources */,
				D398605324C7C3B9009B1A6C /* first_view.swift in Sources */,
				D3AC1DC2249043F00036EF6D /* TravelsViewController.swift in Sources */,
				D398605124C7C3B9009B1A6C /* Umrah_view.swift in Sources */,
				D3271B0E248F02B4003B6158 /* MapButtonCell.swift in Sources */,
				D3767E8E248DBED90090CE19 /* LocationMapViewController.swift in Sources */,
				D33BD6942492A50E0067406C /* FireBase.swift in Sources */,
				D3271B12248F042E003B6158 /* ExternalViewController.swift in Sources */,
				D38A07A72491457F00C87CD5 /* MapViewController.swift in Sources */,
				D33ECEF124905687005F2AD3 /* color.swift in Sources */,
				D3271B02248EC160003B6158 /* SektionViewController.swift in Sources */,
				D398604E24C7C3B9009B1A6C /* haj_view.swift in Sources */,
				D3767E67248D336E0090CE19 /* AppDelegate.swift in Sources */,
				D398605224C7C3B9009B1A6C /* Seat_reg.swift in Sources */,
				D3230F6C24C7C5760096B06D /* Accompying Cell.swift in Sources */,
				D3230F6824C7C53B0096B06D /* UmrahOrHajj Cell.swift in Sources */,
				D3767E84248D7B410090CE19 /* SignupView.swift in Sources */,
				D3271B07248EDC48003B6158 /* SektionCellUmrah.swift in Sources */,
				D3271B0B248EE01C003B6158 /* UmrahViewController.swift in Sources */,
				D3271B04248EC9F8003B6158 /* InternalViewController.swift in Sources */,
			);
			runOnlyForDeploymentPostprocessing = 0;
		};
/* End PBXSourcesBuildPhase section */

/* Begin PBXVariantGroup section */
		D3767E6C248D336E0090CE19 /* Main.storyboard */ = {
			isa = PBXVariantGroup;
			children = (
				D3767E6D248D336E0090CE19 /* Base */,
			);
			name = Main.storyboard;
			sourceTree = "<group>";
		};
		D3767E71248D338C0090CE19 /* LaunchScreen.storyboard */ = {
			isa = PBXVariantGroup;
			children = (
				D3767E72248D338C0090CE19 /* Base */,
			);
			name = LaunchScreen.storyboard;
			sourceTree = "<group>";
		};
/* End PBXVariantGroup section */

/* Begin XCBuildConfiguration section */
		D3767E75248D338C0090CE19 /* Debug */ = {
			isa = XCBuildConfiguration;
			buildSettings = {
				ALWAYS_SEARCH_USER_PATHS = NO;
				CLANG_ANALYZER_NONNULL = YES;
				CLANG_ANALYZER_NUMBER_OBJECT_CONVERSION = YES_AGGRESSIVE;
				CLANG_CXX_LANGUAGE_STANDARD = "gnu++14";
				CLANG_CXX_LIBRARY = "libc++";
				CLANG_ENABLE_MODULES = YES;
				CLANG_ENABLE_OBJC_ARC = YES;
				CLANG_ENABLE_OBJC_WEAK = YES;
				CLANG_WARN_BLOCK_CAPTURE_AUTORELEASING = YES;
				CLANG_WARN_BOOL_CONVERSION = YES;
				CLANG_WARN_COMMA = YES;
				CLANG_WARN_CONSTANT_CONVERSION = YES;
				CLANG_WARN_DEPRECATED_OBJC_IMPLEMENTATIONS = YES;
				CLANG_WARN_DIRECT_OBJC_ISA_USAGE = YES_ERROR;
				CLANG_WARN_DOCUMENTATION_COMMENTS = YES;
				CLANG_WARN_EMPTY_BODY = YES;
				CLANG_WARN_ENUM_CONVERSION = YES;
				CLANG_WARN_INFINITE_RECURSION = YES;
				CLANG_WARN_INT_CONVERSION = YES;
				CLANG_WARN_NON_LITERAL_NULL_CONVERSION = YES;
				CLANG_WARN_OBJC_IMPLICIT_RETAIN_SELF = YES;
				CLANG_WARN_OBJC_LITERAL_CONVERSION = YES;
				CLANG_WARN_OBJC_ROOT_CLASS = YES_ERROR;
				CLANG_WARN_RANGE_LOOP_ANALYSIS = YES;
				CLANG_WARN_STRICT_PROTOTYPES = YES;
				CLANG_WARN_SUSPICIOUS_MOVE = YES;
				CLANG_WARN_UNGUARDED_AVAILABILITY = YES_AGGRESSIVE;
				CLANG_WARN_UNREACHABLE_CODE = YES;
				CLANG_WARN__DUPLICATE_METHOD_MATCH = YES;
				COPY_PHASE_STRIP = NO;
				DEBUG_INFORMATION_FORMAT = dwarf;
				ENABLE_STRICT_OBJC_MSGSEND = YES;
				ENABLE_TESTABILITY = YES;
				GCC_C_LANGUAGE_STANDARD = gnu11;
				GCC_DYNAMIC_NO_PIC = NO;
				GCC_NO_COMMON_BLOCKS = YES;
				GCC_OPTIMIZATION_LEVEL = 0;
				GCC_PREPROCESSOR_DEFINITIONS = (
					"DEBUG=1",
					"$(inherited)",
				);
				GCC_WARN_64_TO_32_BIT_CONVERSION = YES;
				GCC_WARN_ABOUT_RETURN_TYPE = YES_ERROR;
				GCC_WARN_UNDECLARED_SELECTOR = YES;
				GCC_WARN_UNINITIALIZED_AUTOS = YES_AGGRESSIVE;
				GCC_WARN_UNUSED_FUNCTION = YES;
				GCC_WARN_UNUSED_VARIABLE = YES;
				IPHONEOS_DEPLOYMENT_TARGET = 13.4;
				MTL_ENABLE_DEBUG_INFO = INCLUDE_SOURCE;
				MTL_FAST_MATH = YES;
				ONLY_ACTIVE_ARCH = YES;
				SDKROOT = iphoneos;
				SWIFT_ACTIVE_COMPILATION_CONDITIONS = DEBUG;
				SWIFT_OPTIMIZATION_LEVEL = "-Onone";
			};
			name = Debug;
		};
		D3767E76248D338C0090CE19 /* Release */ = {
			isa = XCBuildConfiguration;
			buildSettings = {
				ALWAYS_SEARCH_USER_PATHS = NO;
				CLANG_ANALYZER_NONNULL = YES;
				CLANG_ANALYZER_NUMBER_OBJECT_CONVERSION = YES_AGGRESSIVE;
				CLANG_CXX_LANGUAGE_STANDARD = "gnu++14";
				CLANG_CXX_LIBRARY = "libc++";
				CLANG_ENABLE_MODULES = YES;
				CLANG_ENABLE_OBJC_ARC = YES;
				CLANG_ENABLE_OBJC_WEAK = YES;
				CLANG_WARN_BLOCK_CAPTURE_AUTORELEASING = YES;
				CLANG_WARN_BOOL_CONVERSION = YES;
				CLANG_WARN_COMMA = YES;
				CLANG_WARN_CONSTANT_CONVERSION = YES;
				CLANG_WARN_DEPRECATED_OBJC_IMPLEMENTATIONS = YES;
				CLANG_WARN_DIRECT_OBJC_ISA_USAGE = YES_ERROR;
				CLANG_WARN_DOCUMENTATION_COMMENTS = YES;
				CLANG_WARN_EMPTY_BODY = YES;
				CLANG_WARN_ENUM_CONVERSION = YES;
				CLANG_WARN_INFINITE_RECURSION = YES;
				CLANG_WARN_INT_CONVERSION = YES;
				CLANG_WARN_NON_LITERAL_NULL_CONVERSION = YES;
				CLANG_WARN_OBJC_IMPLICIT_RETAIN_SELF = YES;
				CLANG_WARN_OBJC_LITERAL_CONVERSION = YES;
				CLANG_WARN_OBJC_ROOT_CLASS = YES_ERROR;
				CLANG_WARN_RANGE_LOOP_ANALYSIS = YES;
				CLANG_WARN_STRICT_PROTOTYPES = YES;
				CLANG_WARN_SUSPICIOUS_MOVE = YES;
				CLANG_WARN_UNGUARDED_AVAILABILITY = YES_AGGRESSIVE;
				CLANG_WARN_UNREACHABLE_CODE = YES;
				CLANG_WARN__DUPLICATE_METHOD_MATCH = YES;
				COPY_PHASE_STRIP = NO;
				DEBUG_INFORMATION_FORMAT = "dwarf-with-dsym";
				ENABLE_NS_ASSERTIONS = NO;
				ENABLE_STRICT_OBJC_MSGSEND = YES;
				GCC_C_LANGUAGE_STANDARD = gnu11;
				GCC_NO_COMMON_BLOCKS = YES;
				GCC_WARN_64_TO_32_BIT_CONVERSION = YES;
				GCC_WARN_ABOUT_RETURN_TYPE = YES_ERROR;
				GCC_WARN_UNDECLARED_SELECTOR = YES;
				GCC_WARN_UNINITIALIZED_AUTOS = YES_AGGRESSIVE;
				GCC_WARN_UNUSED_FUNCTION = YES;
				GCC_WARN_UNUSED_VARIABLE = YES;
				IPHONEOS_DEPLOYMENT_TARGET = 13.4;
				MTL_ENABLE_DEBUG_INFO = NO;
				MTL_FAST_MATH = YES;
				SDKROOT = iphoneos;
				SWIFT_COMPILATION_MODE = wholemodule;
				SWIFT_OPTIMIZATION_LEVEL = "-O";
				VALIDATE_PRODUCT = YES;
			};
			name = Release;
		};
		D3767E78248D338C0090CE19 /* Debug */ = {
			isa = XCBuildConfiguration;
			baseConfigurationReference = A1557D6B3879FB830984AC64 /* Pods-Tourism System.debug.xcconfig */;
			buildSettings = {
				ASSETCATALOG_COMPILER_APPICON_NAME = AppIcon;
				CLANG_ENABLE_MODULES = YES;
				CODE_SIGN_STYLE = Automatic;
				DEVELOPMENT_TEAM = 9PD4BTPDF4;
				INFOPLIST_FILE = "$(SRCROOT)/Tourism System/Resources/Info.plist";
				IPHONEOS_DEPLOYMENT_TARGET = 12.0;
				LD_RUNPATH_SEARCH_PATHS = (
					"$(inherited)",
					"@executable_path/Frameworks",
				);
				PRODUCT_BUNDLE_IDENTIFIER = "MyCompany198.Tourism-System";
				PRODUCT_NAME = "$(TARGET_NAME)";
				SWIFT_OBJC_BRIDGING_HEADER = "Tourism System/Resources/Tourism System-Bridging-Header.h";
				SWIFT_OPTIMIZATION_LEVEL = "-Onone";
				SWIFT_VERSION = 5.0;
				TARGETED_DEVICE_FAMILY = 1;
			};
			name = Debug;
		};
		D3767E79248D338C0090CE19 /* Release */ = {
			isa = XCBuildConfiguration;
			baseConfigurationReference = B00DFB91E4066E5C5D833BA6 /* Pods-Tourism System.release.xcconfig */;
			buildSettings = {
				ASSETCATALOG_COMPILER_APPICON_NAME = AppIcon;
				CLANG_ENABLE_MODULES = YES;
				CODE_SIGN_STYLE = Automatic;
				DEVELOPMENT_TEAM = 9PD4BTPDF4;
				INFOPLIST_FILE = "$(SRCROOT)/Tourism System/Resources/Info.plist";
				IPHONEOS_DEPLOYMENT_TARGET = 12.0;
				LD_RUNPATH_SEARCH_PATHS = (
					"$(inherited)",
					"@executable_path/Frameworks",
				);
				PRODUCT_BUNDLE_IDENTIFIER = "MyCompany198.Tourism-System";
				PRODUCT_NAME = "$(TARGET_NAME)";
				SWIFT_OBJC_BRIDGING_HEADER = "Tourism System/Resources/Tourism System-Bridging-Header.h";
				SWIFT_VERSION = 5.0;
				TARGETED_DEVICE_FAMILY = 1;
			};
			name = Release;
		};
/* End XCBuildConfiguration section */

/* Begin XCConfigurationList section */
		D3767E5E248D336E0090CE19 /* Build configuration list for PBXProject "Tourism System" */ = {
			isa = XCConfigurationList;
			buildConfigurations = (
				D3767E75248D338C0090CE19 /* Debug */,
				D3767E76248D338C0090CE19 /* Release */,
			);
			defaultConfigurationIsVisible = 0;
			defaultConfigurationName = Release;
		};
		D3767E77248D338C0090CE19 /* Build configuration list for PBXNativeTarget "Tourism System" */ = {
			isa = XCConfigurationList;
			buildConfigurations = (
				D3767E78248D338C0090CE19 /* Debug */,
				D3767E79248D338C0090CE19 /* Release */,
			);
			defaultConfigurationIsVisible = 0;
			defaultConfigurationName = Release;
		};
/* End XCConfigurationList section */
	};
	rootObject = D3767E5B248D336E0090CE19 /* Project object */;
}
